
Microsoft Visual Studio Solution File, Format Version 12.00
# Visual Studio Version 17
VisualStudioVersion = 17.2.32630.192
MinimumVisualStudioVersion = 10.0.40219.1
Project("{FAE04EC0-301F-11D3-BF4B-00C04F79EFBC}") = "gljive2", "gljive2\gljive2.csproj", "{39E5878C-7444-4553-A042-FB220E8B8D49}"
EndProject
Global
	GlobalSection(SolutionConfigurationPlatforms) = preSolution
		Debug|Any CPU = Debug|Any CPU
		Release|Any CPU = Release|Any CPU
	EndGlobalSection
	GlobalSection(ProjectConfigurationPlatforms) = postSolution
		{39E5878C-7444-4553-A042-FB220E8B8D49}.Debug|Any CPU.ActiveCfg = Debug|Any CPU
		{39E5878C-7444-4553-A042-FB220E8B8D49}.Debug|Any CPU.Build.0 = Debug|Any CPU
		{39E5878C-7444-4553-A042-FB220E8B8D49}.Release|Any CPU.ActiveCfg = Release|Any CPU
		{39E5878C-7444-4553-A042-FB220E8B8D49}.Release|Any CPU.Build.0 = Release|Any CPU
	EndGlobalSection
	GlobalSection(SolutionProperties) = preSolution
		HideSolutionNode = FALSE
	EndGlobalSection
	GlobalSection(ExtensibilityGlobals) = postSolution
		SolutionGuid = {9D1DDF4B-6864-48C8-9C81-9395663AD851}
	EndGlobalSection
EndGlobal
